<?xml version="1.0" encoding="utf-8"?>
<Project ToolsVersion="4.0" xmlns="http://schemas.microsoft.com/developer/msbuild/2003">
  <ItemGroup>
    <Filter Include="Source Files">
      <UniqueIdentifier>{4FC737F1-C7A5-4376-A066-2A32D752A2FF}</UniqueIdentifier>
      <Extensions>cpp;c;cc;cxx;def;odl;idl;hpj;bat;asm;asmx</Extensions>
    </Filter>
    <Filter Include="Header Files">
      <UniqueIdentifier>{93995380-89BD-4b04-88EB-625FBE52EBFB}</UniqueIdentifier>
      <Extensions>h;hh;hpp;hxx;hm;inl;inc;xsd</Extensions>
    </Filter>
    <Filter Include="Resource Files">
      <UniqueIdentifier>{67DA6AB6-F800-4c08-8B7A-83BB121AAD01}</UniqueIdentifier>
      <Extensions>rc;ico;cur;bmp;dlg;rc2;rct;bin;rgs;gif;jpg;jpeg;jpe;resx;tiff;tif;png;wav</Extensions>
    </Filter>
  </ItemGroup>
  <ItemGroup>
    <ClCompile Include="Alphabet.cpp">
      <Filter>Source Files</Filter>
    </ClCompile>
    <ClCompile Include="ASQG.cpp">
      <Filter>Source Files</Filter>
    </ClCompile>
    <ClCompile Include="Bigraph.cpp">
      <Filter>Source Files</Filter>
    </ClCompile>
    <ClCompile Include="BitChar.cpp">
      <Filter>Source Files</Filter>
    </ClCompile>
    <ClCompile Include="CNVera.cpp">
      <Filter>Source Files</Filter>
    </ClCompile>
    <ClCompile Include="DNAString.cpp">
      <Filter>Source Files</Filter>
    </ClCompile>
    <ClCompile Include="Edge.cpp">
      <Filter>Source Files</Filter>
    </ClCompile>
    <ClCompile Include="EdgeDesc.cpp">
      <Filter>Source Files</Filter>
    </ClCompile>
    <ClCompile Include="Interval.cpp">
      <Filter>Source Files</Filter>
    </ClCompile>
    <ClCompile Include="Match.cpp">
      <Filter>Source Files</Filter>
    </ClCompile>
    <ClCompile Include="MultiOverlap.cpp">
      <Filter>Source Files</Filter>
    </ClCompile>
    <ClCompile Include="Quality.cpp">
      <Filter>Source Files</Filter>
    </ClCompile>
    <ClCompile Include="QualityVector.cpp">
      <Filter>Source Files</Filter>
    </ClCompile>
    <ClCompile Include="SeqCoord.cpp">
      <Filter>Source Files</Filter>
    </ClCompile>
    <ClCompile Include="SGAlgorithms.cpp">
      <Filter>Source Files</Filter>
    </ClCompile>
    <ClCompile Include="SGSearch.cpp">
      <Filter>Source Files</Filter>
    </ClCompile>
    <ClCompile Include="SGUtil.cpp">
      <Filter>Source Files</Filter>
    </ClCompile>
    <ClCompile Include="SGVisitors.cpp">
      <Filter>Source Files</Filter>
    </ClCompile>
    <ClCompile Include="SGWalk.cpp">
      <Filter>Source Files</Filter>
    </ClCompile>
    <ClCompile Include="SQG.cpp">
      <Filter>Source Files</Filter>
    </ClCompile>
    <ClCompile Include="Util.cpp">
      <Filter>Source Files</Filter>
    </ClCompile>
    <ClCompile Include="Vertex.cpp">
      <Filter>Source Files</Filter>
    </ClCompile>
  </ItemGroup>
  <ItemGroup>
    <ClInclude Include="Alphabet.h">
      <Filter>Header Files</Filter>
    </ClInclude>
    <ClInclude Include="ASQG.h">
      <Filter>Header Files</Filter>
    </ClInclude>
    <ClInclude Include="Bigraph.h">
      <Filter>Header Files</Filter>
    </ClInclude>
    <ClInclude Include="BitChar.h">
      <Filter>Header Files</Filter>
    </ClInclude>
    <ClInclude Include="DNADouble.h">
      <Filter>Header Files</Filter>
    </ClInclude>
    <ClInclude Include="DNAString.h">
      <Filter>Header Files</Filter>
    </ClInclude>
    <ClInclude Include="Edge.h">
      <Filter>Header Files</Filter>
    </ClInclude>
    <ClInclude Include="EdgeDesc.h">
      <Filter>Header Files</Filter>
    </ClInclude>
    <ClInclude Include="EncodedString.h">
      <Filter>Header Files</Filter>
    </ClInclude>
    <ClInclude Include="GraphCommon.h">
      <Filter>Header Files</Filter>
    </ClInclude>
    <ClInclude Include="GraphSearchTree.h">
      <Filter>Header Files</Filter>
    </ClInclude>
    <ClInclude Include="Interval.h">
      <Filter>Header Files</Filter>
    </ClInclude>
    <ClInclude Include="Match.h">
      <Filter>Header Files</Filter>
    </ClInclude>
    <ClInclude Include="MultiOverlap.h">
      <Filter>Header Files</Filter>
    </ClInclude>
    <ClInclude Include="Quality.h">
      <Filter>Header Files</Filter>
    </ClInclude>
    <ClInclude Include="QualityVector.h">
      <Filter>Header Files</Filter>
    </ClInclude>
    <ClInclude Include="SeqCoord.h">
      <Filter>Header Files</Filter>
    </ClInclude>
    <ClInclude Include="SGAlgorithms.h">
      <Filter>Header Files</Filter>
    </ClInclude>
    <ClInclude Include="SGSearch.h">
      <Filter>Header Files</Filter>
    </ClInclude>
    <ClInclude Include="SGUtil.h">
      <Filter>Header Files</Filter>
    </ClInclude>
    <ClInclude Include="SGVisitors.h">
      <Filter>Header Files</Filter>
    </ClInclude>
    <ClInclude Include="SGWalk.h">
      <Filter>Header Files</Filter>
    </ClInclude>
    <ClInclude Include="SimpleAllocator.h">
      <Filter>Header Files</Filter>
    </ClInclude>
    <ClInclude Include="SQG.h">
      <Filter>Header Files</Filter>
    </ClInclude>
    <ClInclude Include="targetver.h">
      <Filter>Header Files</Filter>
    </ClInclude>
    <ClInclude Include="Util.h">
      <Filter>Header Files</Filter>
    </ClInclude>
    <ClInclude Include="Vertex.h">
      <Filter>Header Files</Filter>
    </ClInclude>
  </ItemGroup>
</Project>